
Microsoft Visual Studio Solution File, Format Version 12.00
# Visual Studio Version 16
VisualStudioVersion = 16.0.29613.14
MinimumVisualStudioVersion = 10.0.40219.1
Project("{9A19103F-16F7-4668-BE54-9A1E7A4F7556}") = "PortfolioAPI", "PortfolioAPI.csproj", "{3B1A040D-F3F5-423C-AA2A-FDFEBADAA114}"
EndProject
Project("{9A19103F-16F7-4668-BE54-9A1E7A4F7556}") = "PortfolioAPITests", "..\PortfolioAPITests\PortfolioAPITests.csproj", "{4C761A94-B3A9-453B-BE03-145FA9FA59E0}"
EndProject
Project("{E53339B2-1760-4266-BCC7-CA923CBCF16C}") = "docker-compose", "docker-compose.dcproj", "{B0EA7EA4-817A-4041-B5A7-1B2917F50FA9}"
EndProject
Global
	GlobalSection(SolutionConfigurationPlatforms) = preSolution
		Debug|Any CPU = Debug|Any CPU
		Release|Any CPU = Release|Any CPU
	EndGlobalSection
	GlobalSection(ProjectConfigurationPlatforms) = postSolution
		{3B1A040D-F3F5-423C-AA2A-FDFEBADAA114}.Debug|Any CPU.ActiveCfg = Debug|Any CPU
		{3B1A040D-F3F5-423C-AA2A-FDFEBADAA114}.Debug|Any CPU.Build.0 = Debug|Any CPU
		{3B1A040D-F3F5-423C-AA2A-FDFEBADAA114}.Release|Any CPU.ActiveCfg = Release|Any CPU
		{3B1A040D-F3F5-423C-AA2A-FDFEBADAA114}.Release|Any CPU.Build.0 = Release|Any CPU
		{4C761A94-B3A9-453B-BE03-145FA9FA59E0}.Debug|Any CPU.ActiveCfg = Debug|Any CPU
		{4C761A94-B3A9-453B-BE03-145FA9FA59E0}.Debug|Any CPU.Build.0 = Debug|Any CPU
		{4C761A94-B3A9-453B-BE03-145FA9FA59E0}.Release|Any CPU.ActiveCfg = Release|Any CPU
		{4C761A94-B3A9-453B-BE03-145FA9FA59E0}.Release|Any CPU.Build.0 = Release|Any CPU
		{B0EA7EA4-817A-4041-B5A7-1B2917F50FA9}.Debug|Any CPU.ActiveCfg = Debug|Any CPU
		{B0EA7EA4-817A-4041-B5A7-1B2917F50FA9}.Debug|Any CPU.Build.0 = Debug|Any CPU
		{B0EA7EA4-817A-4041-B5A7-1B2917F50FA9}.Release|Any CPU.ActiveCfg = Release|Any CPU
		{B0EA7EA4-817A-4041-B5A7-1B2917F50FA9}.Release|Any CPU.Build.0 = Release|Any CPU
	EndGlobalSection
	GlobalSection(SolutionProperties) = preSolution
		HideSolutionNode = FALSE
	EndGlobalSection
	GlobalSection(ExtensibilityGlobals) = postSolution
		SolutionGuid = {F7295B9B-F047-4A1B-9BFD-A7420C31D74A}
	EndGlobalSection
EndGlobal
